
Microsoft Visual Studio Solution File, Format Version 12.00
# Visual Studio Version 16
VisualStudioVersion = 16.0.31205.134
MinimumVisualStudioVersion = 10.0.40219.1
Project("{FAE04EC0-301F-11D3-BF4B-00C04F79EFBC}") = "Pharmacy", "Pharmacy\Pharmacy.csproj", "{F4390CFE-8EC9-4590-AFF2-A06F7A44B6AA}"
EndProject
Global
	GlobalSection(SolutionConfigurationPlatforms) = preSolution
		Debug|Any CPU = Debug|Any CPU
		Release|Any CPU = Release|Any CPU
	EndGlobalSection
	GlobalSection(ProjectConfigurationPlatforms) = postSolution
		{F4390CFE-8EC9-4590-AFF2-A06F7A44B6AA}.Debug|Any CPU.ActiveCfg = Debug|Any CPU
		{F4390CFE-8EC9-4590-AFF2-A06F7A44B6AA}.Debug|Any CPU.Build.0 = Debug|Any CPU
		{F4390CFE-8EC9-4590-AFF2-A06F7A44B6AA}.Release|Any CPU.ActiveCfg = Release|Any CPU
		{F4390CFE-8EC9-4590-AFF2-A06F7A44B6AA}.Release|Any CPU.Build.0 = Release|Any CPU
	EndGlobalSection
	GlobalSection(SolutionProperties) = preSolution
		HideSolutionNode = FALSE
	EndGlobalSection
	GlobalSection(ExtensibilityGlobals) = postSolution
		SolutionGuid = {CC872B2F-665E-4C6E-9744-7432A627F1DA}
	EndGlobalSection
EndGlobal
